{
    "_readme": [
        "This file locks the dependencies of your project to a known state",
        "Read more about it at https://getcomposer.org/doc/01-basic-usage.md#installing-dependencies",
        "This file is @generated automatically"
    ],
    "content-hash": "82bee4b01d71ae5171e75f042e9afd6a",
    "packages": [
        {
            "name": "beberlei/assert",
            "version": "v3.2.6",
            "source": {
                "type": "git",
                "url": "https://github.com/beberlei/assert.git",
                "reference": "99508be011753690fe108ded450f5caaae180cfa"
            },
            "dist": {
                "type": "zip",
                "url": "https://api.github.com/repos/beberlei/assert/zipball/99508be011753690fe108ded450f5caaae180cfa",
                "reference": "99508be011753690fe108ded450f5caaae180cfa",
                "shasum": ""
            },
            "require": {
                "ext-ctype": "*",
                "ext-json": "*",
                "ext-mbstring": "*",
                "ext-simplexml": "*",
                "php": "^7"
            },
            "require-dev": {
                "friendsofphp/php-cs-fixer": "*",
                "phpstan/phpstan-shim": "*",
                "phpunit/phpunit": ">=6.0.0 <8"
            },
            "suggest": {
                "ext-intl": "Needed to allow Assertion::count(), Assertion::isCountable(), Assertion::minCount(), and Assertion::maxCount() to operate on ResourceBundles"
            },
            "type": "library",
            "autoload": {
                "psr-4": {
                    "Assert\\": "lib/Assert"
                },
                "files": [
                    "lib/Assert/functions.php"
                ]
            },
            "notification-url": "https://packagist.org/downloads/",
            "license": [
                "BSD-2-Clause"
            ],
            "authors": [
                {
                    "name": "Benjamin Eberlei",
                    "email": "kontakt@beberlei.de",
                    "role": "Lead Developer"
                },
                {
                    "name": "Richard Quadling",
                    "email": "rquadling@gmail.com",
                    "role": "Collaborator"
                }
            ],
            "description": "Thin assertion library for input validation in business models.",
            "keywords": [
                "assert",
                "assertion",
                "validation"
            ],
            "time": "2019-10-10T10:33:57+00:00"
        },
        {
            "name": "php-school/cli-menu",
            "version": "3.2.0",
            "source": {
                "type": "git",
                "url": "https://github.com/php-school/cli-menu.git",
                "reference": "2b24d576338c5add84c9515a766c6d12337ff2b8"
            },
            "dist": {
                "type": "zip",
                "url": "https://api.github.com/repos/php-school/cli-menu/zipball/2b24d576338c5add84c9515a766c6d12337ff2b8",
                "reference": "2b24d576338c5add84c9515a766c6d12337ff2b8",
                "shasum": ""
            },
            "require": {
                "beberlei/assert": "^2.4 | ^3",
                "ext-posix": "*",
                "php": ">=7.1",
                "php-school/terminal": "^0.2"
            },
            "require-dev": {
                "phpstan/phpstan": "^0.11",
                "phpunit/phpunit": "^7.1",
                "squizlabs/php_codesniffer": "^3.2"
            },
            "type": "library",
            "autoload": {
                "psr-4": {
                    "PhpSchool\\CliMenu\\": "src"
                }
            },
            "notification-url": "https://packagist.org/downloads/",
            "license": [
                "MIT"
            ],
            "authors": [
                {
                    "name": "Michael Woodward",
                    "email": "mikeymike.mw@gmail.com"
                },
                {
                    "name": "Aydin Hassan",
                    "email": "aydin@hotmail.com"
                }
            ],
            "description": "A command line menu helper in PHP",
            "keywords": [
                "cli",
                "console",
                "menu",
                "php-school",
                "phpschool",
                "terminal"
            ],
            "time": "2019-04-30T14:39:32+00:00"
        },
        {
            "name": "php-school/terminal",
            "version": "0.2.0",
            "source": {
                "type": "git",
                "url": "https://github.com/php-school/terminal.git",
                "reference": "2a0e498df9806ae4afc3963dbd70c2a8c8aebffd"
            },
            "dist": {
                "type": "zip",
                "url": "https://api.github.com/repos/php-school/terminal/zipball/2a0e498df9806ae4afc3963dbd70c2a8c8aebffd",
                "reference": "2a0e498df9806ae4afc3963dbd70c2a8c8aebffd",
                "shasum": ""
            },
            "require": {
                "ext-posix": "*",
                "php": ">=7.1"
            },
            "require-dev": {
                "phpstan/phpstan": "^0.9.2",
                "phpunit/phpunit": "^7.1",
                "squizlabs/php_codesniffer": "^3.2"
            },
            "type": "library",
            "autoload": {
                "psr-4": {
                    "PhpSchool\\Terminal\\": "src"
                }
            },
            "notification-url": "https://packagist.org/downloads/",
            "license": [
                "MIT"
            ],
            "authors": [
                {
                    "name": "Michael Woodward",
                    "email": "mikeymike.mw@gmail.com"
                },
                {
                    "name": "Aydin Hassan",
                    "email": "aydin@hotmail.com"
                }
            ],
            "description": "A command line terminal utility in PHP",
            "keywords": [
                "cli",
                "console",
                "php-school",
                "phpschool",
                "terminal"
            ],
            "time": "2019-04-02T06:16:16+00:00"
        }
    ],
    "packages-dev": [],
    "aliases": [],
    "minimum-stability": "stable",
    "stability-flags": [],
    "prefer-stable": false,
    "prefer-lowest": false,
    "platform": [],
    "platform-dev": []
}
